<?xml version="1.0" encoding="utf-8"?>
<Project ToolsVersion="4.0" xmlns="http://schemas.microsoft.com/developer/msbuild/2003">
  <ItemGroup>
    <Filter Include="Source Files">
      <UniqueIdentifier>{4FC737F1-C7A5-4376-A066-2A32D752A2FF}</UniqueIdentifier>
      <Extensions>cpp;c;cxx;def;odl;idl;hpj;bat;asm;asmx</Extensions>
    </Filter>
    <Filter Include="Header Files">
      <UniqueIdentifier>{93995380-89BD-4b04-88EB-625FBE52EBFB}</UniqueIdentifier>
      <Extensions>h;hpp;hxx;hm;inl;inc;xsd</Extensions>
    </Filter>
    <Filter Include="Resource Files">
      <UniqueIdentifier>{67DA6AB6-F800-4c08-8B7A-83BB121AAD01}</UniqueIdentifier>
      <Extensions>rc;ico;cur;bmp;dlg;rc2;rct;bin;rgs;gif;jpg;jpeg;jpe;resx</Extensions>
    </Filter>
    <Filter Include="xpdf">
      <UniqueIdentifier>{adf2e165-454c-4eac-8b5f-7ad373b3b012}</UniqueIdentifier>
    </Filter>
    <Filter Include="xpdf\goo">
      <UniqueIdentifier>{7fc2bc70-348e-4597-ada0-01d694365a63}</UniqueIdentifier>
    </Filter>
    <Filter Include="xpdf\fofi">
      <UniqueIdentifier>{b9382832-c9d1-469b-8fa1-871f23bde3b0}</UniqueIdentifier>
    </Filter>
    <Filter Include="xpdf\xpdf">
      <UniqueIdentifier>{86dc175f-d134-4593-aed6-5d2d27dc4f3e}</UniqueIdentifier>
    </Filter>
  </ItemGroup>
  <ItemGroup>
    <ClCompile Include="TcOutputDev.cc">
      <Filter>Source Files</Filter>
    </ClCompile>
    <ClCompile Include="xPDFInfo.cc">
      <Filter>Source Files</Filter>
    </ClCompile>
    <ClCompile Include="PDFExtractor.cc">
      <Filter>Source Files</Filter>
    </ClCompile>
    <ClCompile Include="xpdf-4.05\fofi\FoFiEncodings.cc">
      <Filter>xpdf\fofi</Filter>
    </ClCompile>
    <ClCompile Include="xpdf-4.05\fofi\FoFiIdentifier.cc">
      <Filter>xpdf\fofi</Filter>
    </ClCompile>
    <ClCompile Include="xpdf-4.05\fofi\FoFiTrueType.cc">
      <Filter>xpdf\fofi</Filter>
    </ClCompile>
    <ClCompile Include="xpdf-4.05\fofi\FoFiType1.cc">
      <Filter>xpdf\fofi</Filter>
    </ClCompile>
    <ClCompile Include="xpdf-4.05\fofi\FoFiType1C.cc">
      <Filter>xpdf\fofi</Filter>
    </ClCompile>
    <ClCompile Include="xpdf-4.05\goo\gfile.cc">
      <Filter>xpdf\goo</Filter>
    </ClCompile>
    <ClCompile Include="xpdf-4.05\goo\GHash.cc">
      <Filter>xpdf\goo</Filter>
    </ClCompile>
    <ClCompile Include="xpdf-4.05\goo\GList.cc">
      <Filter>xpdf\goo</Filter>
    </ClCompile>
    <ClCompile Include="xpdf-4.05\goo\gmem.cc">
      <Filter>xpdf\goo</Filter>
    </ClCompile>
    <ClCompile Include="xpdf-4.05\goo\GString.cc">
      <Filter>xpdf\goo</Filter>
    </ClCompile>
    <ClCompile Include="xpdf-4.05\xpdf\AcroForm.cc">
      <Filter>xpdf\xpdf</Filter>
    </ClCompile>
    <ClCompile Include="xpdf-4.05\xpdf\Annot.cc">
      <Filter>xpdf\xpdf</Filter>
    </ClCompile>
    <ClCompile Include="xpdf-4.05\xpdf\Array.cc">
      <Filter>xpdf\xpdf</Filter>
    </ClCompile>
    <ClCompile Include="xpdf-4.05\xpdf\BuiltinFont.cc">
      <Filter>xpdf\xpdf</Filter>
    </ClCompile>
    <ClCompile Include="xpdf-4.05\xpdf\BuiltinFontTables.cc">
      <Filter>xpdf\xpdf</Filter>
    </ClCompile>
    <ClCompile Include="xpdf-4.05\xpdf\Catalog.cc">
      <Filter>xpdf\xpdf</Filter>
    </ClCompile>
    <ClCompile Include="xpdf-4.05\xpdf\CharCodeToUnicode.cc">
      <Filter>xpdf\xpdf</Filter>
    </ClCompile>
    <ClCompile Include="xpdf-4.05\xpdf\CMap.cc">
      <Filter>xpdf\xpdf</Filter>
    </ClCompile>
    <ClCompile Include="xpdf-4.05\xpdf\Decrypt.cc">
      <Filter>xpdf\xpdf</Filter>
    </ClCompile>
    <ClCompile Include="xpdf-4.05\xpdf\Dict.cc">
      <Filter>xpdf\xpdf</Filter>
    </ClCompile>
    <ClCompile Include="xpdf-4.05\xpdf\Error.cc">
      <Filter>xpdf\xpdf</Filter>
    </ClCompile>
    <ClCompile Include="xpdf-4.05\xpdf\FontEncodingTables.cc">
      <Filter>xpdf\xpdf</Filter>
    </ClCompile>
    <ClCompile Include="xpdf-4.05\xpdf\Function.cc">
      <Filter>xpdf\xpdf</Filter>
    </ClCompile>
    <ClCompile Include="xpdf-4.05\xpdf\Gfx.cc">
      <Filter>xpdf\xpdf</Filter>
    </ClCompile>
    <ClCompile Include="xpdf-4.05\xpdf\GfxFont.cc">
      <Filter>xpdf\xpdf</Filter>
    </ClCompile>
    <ClCompile Include="xpdf-4.05\xpdf\GfxState.cc">
      <Filter>xpdf\xpdf</Filter>
    </ClCompile>
    <ClCompile Include="xpdf-4.05\xpdf\GlobalParams.cc">
      <Filter>xpdf\xpdf</Filter>
    </ClCompile>
    <ClCompile Include="xpdf-4.05\xpdf\JArithmeticDecoder.cc">
      <Filter>xpdf\xpdf</Filter>
    </ClCompile>
    <ClCompile Include="xpdf-4.05\xpdf\Lexer.cc">
      <Filter>xpdf\xpdf</Filter>
    </ClCompile>
    <ClCompile Include="xpdf-4.05\xpdf\Link.cc">
      <Filter>xpdf\xpdf</Filter>
    </ClCompile>
    <ClCompile Include="xpdf-4.05\xpdf\NameToCharCode.cc">
      <Filter>xpdf\xpdf</Filter>
    </ClCompile>
    <ClCompile Include="xpdf-4.05\xpdf\Object.cc">
      <Filter>xpdf\xpdf</Filter>
    </ClCompile>
    <ClCompile Include="xpdf-4.05\xpdf\OptionalContent.cc">
      <Filter>xpdf\xpdf</Filter>
    </ClCompile>
    <ClCompile Include="xpdf-4.05\xpdf\Outline.cc">
      <Filter>xpdf\xpdf</Filter>
    </ClCompile>
    <ClCompile Include="xpdf-4.05\xpdf\OutputDev.cc">
      <Filter>xpdf\xpdf</Filter>
    </ClCompile>
    <ClCompile Include="xpdf-4.05\xpdf\Page.cc">
      <Filter>xpdf\xpdf</Filter>
    </ClCompile>
    <ClCompile Include="xpdf-4.05\xpdf\Parser.cc">
      <Filter>xpdf\xpdf</Filter>
    </ClCompile>
    <ClCompile Include="xpdf-4.05\xpdf\PDFDoc.cc">
      <Filter>xpdf\xpdf</Filter>
    </ClCompile>
    <ClCompile Include="xpdf-4.05\xpdf\PDFDocEncoding.cc">
      <Filter>xpdf\xpdf</Filter>
    </ClCompile>
    <ClCompile Include="xpdf-4.05\xpdf\PSTokenizer.cc">
      <Filter>xpdf\xpdf</Filter>
    </ClCompile>
    <ClCompile Include="xpdf-4.05\xpdf\SecurityHandler.cc">
      <Filter>xpdf\xpdf</Filter>
    </ClCompile>
    <ClCompile Include="xpdf-4.05\xpdf\Stream.cc">
      <Filter>xpdf\xpdf</Filter>
    </ClCompile>
    <ClCompile Include="xpdf-4.05\xpdf\TextOutputDev.cc">
      <Filter>xpdf\xpdf</Filter>
    </ClCompile>
    <ClCompile Include="xpdf-4.05\xpdf\TextString.cc">
      <Filter>xpdf\xpdf</Filter>
    </ClCompile>
    <ClCompile Include="xpdf-4.05\xpdf\UnicodeMap.cc">
      <Filter>xpdf\xpdf</Filter>
    </ClCompile>
    <ClCompile Include="xpdf-4.05\xpdf\UnicodeRemapping.cc">
      <Filter>xpdf\xpdf</Filter>
    </ClCompile>
    <ClCompile Include="xpdf-4.05\xpdf\UnicodeTypeTable.cc">
      <Filter>xpdf\xpdf</Filter>
    </ClCompile>
    <ClCompile Include="xpdf-4.05\xpdf\UTF8.cc">
      <Filter>xpdf\xpdf</Filter>
    </ClCompile>
    <ClCompile Include="xpdf-4.05\xpdf\XRef.cc">
      <Filter>xpdf\xpdf</Filter>
    </ClCompile>
    <ClCompile Include="xpdf-4.05\xpdf\Zoox.cc">
      <Filter>xpdf\xpdf</Filter>
    </ClCompile>
    <ClCompile Include="xpdf-4.05\xpdf\XFAScanner.cc">
      <Filter>xpdf\xpdf</Filter>
    </ClCompile>
    <ClCompile Include="ThreadData.cc">
      <Filter>Source Files</Filter>
    </ClCompile>
    <ClCompile Include="PDFDocEx.cc">
      <Filter>Source Files</Filter>
    </ClCompile>
    <ClCompile Include="xpdf-4.05\fofi\FoFiBase.cc">
      <Filter>xpdf\fofi</Filter>
    </ClCompile>
  </ItemGroup>
  <ItemGroup>
    <ClInclude Include="aconf.h">
      <Filter>Header Files</Filter>
    </ClInclude>
    <ClInclude Include=".\common\contentplug.h">
      <Filter>Header Files</Filter>
    </ClInclude>
    <ClInclude Include="PDFExtractor.hh">
      <Filter>Header Files</Filter>
    </ClInclude>
    <ClInclude Include="TcOutputDev.hh">
      <Filter>Header Files</Filter>
    </ClInclude>
    <ClInclude Include="ThreadData.hh">
      <Filter>Header Files</Filter>
    </ClInclude>
    <ClInclude Include="xPDFInfo.hh">
      <Filter>Header Files</Filter>
    </ClInclude>
    <ClInclude Include="PDFDocEx.hh">
      <Filter>Header Files</Filter>
    </ClInclude>
  </ItemGroup>
  <ItemGroup>
    <ResourceCompile Include="xPDFSearch.rc">
      <Filter>Resource Files</Filter>
    </ResourceCompile>
  </ItemGroup>
</Project>